
Microsoft Visual Studio Solution File, Format Version 12.00
# Visual Studio Version 17
VisualStudioVersion = 17.0.31903.59
MinimumVisualStudioVersion = 10.0.40219.1
Project("{2150E333-8FDC-42A3-9474-1A3956D46DE8}") = "Core", "Core", "{F975FE0D-5110-4536-9FC8-7D540DCCF4EC}"
EndProject
Project("{FAE04EC0-301F-11D3-BF4B-00C04F79EFBC}") = "gesFactu.Application", "src\Core\gesFactu.Application\gesFactu.Application.csproj", "{C568D0A0-0DE6-4114-AA8B-F9474F842ABA}"
EndProject
Project("{FAE04EC0-301F-11D3-BF4B-00C04F79EFBC}") = "gesFactu.Domain", "src\Core\gesFactu.Domain\gesFactu.Domain.csproj", "{734623F0-1E45-40DD-98CD-9060FDD924AB}"
EndProject
Project("{2150E333-8FDC-42A3-9474-1A3956D46DE8}") = "Infrastructure", "Infrastructure", "{C0FA8603-54C9-4E76-A6BA-35848F9A6824}"
EndProject
Project("{FAE04EC0-301F-11D3-BF4B-00C04F79EFBC}") = "gesFactu.Infrastructure", "src\Infrastructure\gesFactu.Infrastructure.csproj", "{0786964E-1FE2-4BBF-B799-FE7B051D568F}"
EndProject
Project("{FAE04EC0-301F-11D3-BF4B-00C04F79EFBC}") = "gesFactu.Infrastructure.Tests", "src\Infrastructure.Tests\gesFactu.Infrastructure.Tests.csproj", "{1B5A1D89-E6EC-4C33-A4AA-DC063CAFD1E0}"
EndProject
Project("{2150E333-8FDC-42A3-9474-1A3956D46DE8}") = "API", "API", "{02EA681E-C7D8-13C7-8484-4AC65E1B71E8}"
EndProject
Project("{FAE04EC0-301F-11D3-BF4B-00C04F79EFBC}") = "gesFactu.Api", "src\Api\gesFactu.Api\gesFactu.Api.csproj", "{5D3D0C76-CFF9-F607-5863-FE6698E15714}"
EndProject
Global
	GlobalSection(SolutionConfigurationPlatforms) = preSolution
		Debug|Any CPU = Debug|Any CPU
		Release|Any CPU = Release|Any CPU
	EndGlobalSection
	GlobalSection(ProjectConfigurationPlatforms) = postSolution
		{C568D0A0-0DE6-4114-AA8B-F9474F842ABA}.Debug|Any CPU.ActiveCfg = Debug|Any CPU
		{C568D0A0-0DE6-4114-AA8B-F9474F842ABA}.Debug|Any CPU.Build.0 = Debug|Any CPU
		{C568D0A0-0DE6-4114-AA8B-F9474F842ABA}.Release|Any CPU.ActiveCfg = Release|Any CPU
		{C568D0A0-0DE6-4114-AA8B-F9474F842ABA}.Release|Any CPU.Build.0 = Release|Any CPU
		{734623F0-1E45-40DD-98CD-9060FDD924AB}.Debug|Any CPU.ActiveCfg = Debug|Any CPU
		{734623F0-1E45-40DD-98CD-9060FDD924AB}.Debug|Any CPU.Build.0 = Debug|Any CPU
		{734623F0-1E45-40DD-98CD-9060FDD924AB}.Release|Any CPU.ActiveCfg = Release|Any CPU
		{734623F0-1E45-40DD-98CD-9060FDD924AB}.Release|Any CPU.Build.0 = Release|Any CPU
		{0786964E-1FE2-4BBF-B799-FE7B051D568F}.Debug|Any CPU.ActiveCfg = Debug|Any CPU
		{0786964E-1FE2-4BBF-B799-FE7B051D568F}.Debug|Any CPU.Build.0 = Debug|Any CPU
		{0786964E-1FE2-4BBF-B799-FE7B051D568F}.Release|Any CPU.ActiveCfg = Release|Any CPU
		{0786964E-1FE2-4BBF-B799-FE7B051D568F}.Release|Any CPU.Build.0 = Release|Any CPU
		{1B5A1D89-E6EC-4C33-A4AA-DC063CAFD1E0}.Debug|Any CPU.ActiveCfg = Debug|Any CPU
		{1B5A1D89-E6EC-4C33-A4AA-DC063CAFD1E0}.Debug|Any CPU.Build.0 = Debug|Any CPU
		{1B5A1D89-E6EC-4C33-A4AA-DC063CAFD1E0}.Release|Any CPU.ActiveCfg = Release|Any CPU
		{1B5A1D89-E6EC-4C33-A4AA-DC063CAFD1E0}.Release|Any CPU.Build.0 = Release|Any CPU
		{5D3D0C76-CFF9-F607-5863-FE6698E15714}.Debug|Any CPU.ActiveCfg = Debug|Any CPU
		{5D3D0C76-CFF9-F607-5863-FE6698E15714}.Debug|Any CPU.Build.0 = Debug|Any CPU
		{5D3D0C76-CFF9-F607-5863-FE6698E15714}.Release|Any CPU.ActiveCfg = Release|Any CPU
		{5D3D0C76-CFF9-F607-5863-FE6698E15714}.Release|Any CPU.Build.0 = Release|Any CPU
	EndGlobalSection
	GlobalSection(SolutionProperties) = preSolution
		HideSolutionNode = FALSE
	EndGlobalSection
	GlobalSection(NestedProjects) = preSolution
		{C568D0A0-0DE6-4114-AA8B-F9474F842ABA} = {F975FE0D-5110-4536-9FC8-7D540DCCF4EC}
		{734623F0-1E45-40DD-98CD-9060FDD924AB} = {F975FE0D-5110-4536-9FC8-7D540DCCF4EC}
		{0786964E-1FE2-4BBF-B799-FE7B051D568F} = {C0FA8603-54C9-4E76-A6BA-35848F9A6824}
		{1B5A1D89-E6EC-4C33-A4AA-DC063CAFD1E0} = {C0FA8603-54C9-4E76-A6BA-35848F9A6824}
		{5D3D0C76-CFF9-F607-5863-FE6698E15714} = {02EA681E-C7D8-13C7-8484-4AC65E1B71E8}
	EndGlobalSection
EndGlobal
